
Microsoft Visual Studio Solution File, Format Version 12.00
# Visual Studio 14
VisualStudioVersion = 14.0.25420.1
MinimumVisualStudioVersion = 10.0.40219.1
Project("{FAE04EC0-301F-11D3-BF4B-00C04F79EFBC}") = "LIMSAPI_BL", "LIMSAPI_BL\LIMSAPI_BL.csproj", "{FE6791AA-9824-4D6F-A52F-A40374169CF2}"
	ProjectSection(ProjectDependencies) = postProject
		{CE75AD09-FC74-4371-A162-977F629C669C} = {CE75AD09-FC74-4371-A162-977F629C669C}
		{273B8B5A-83E4-454C-BBA1-1C4FB942A7DE} = {273B8B5A-83E4-454C-BBA1-1C4FB942A7DE}
		{C2B45D69-02E4-4A79-AA67-05009C4F2FB6} = {C2B45D69-02E4-4A79-AA67-05009C4F2FB6}
		{9FAA3AB1-1389-4747-A3F4-8F2C1554D1EE} = {9FAA3AB1-1389-4747-A3F4-8F2C1554D1EE}
	EndProjectSection
EndProject
Project("{FAE04EC0-301F-11D3-BF4B-00C04F79EFBC}") = "LIMSAPI_DAL", "LIMSAPI_DAL\LIMSAPI_DAL.csproj", "{C2B45D69-02E4-4A79-AA67-05009C4F2FB6}"
	ProjectSection(ProjectDependencies) = postProject
		{CE75AD09-FC74-4371-A162-977F629C669C} = {CE75AD09-FC74-4371-A162-977F629C669C}
		{273B8B5A-83E4-454C-BBA1-1C4FB942A7DE} = {273B8B5A-83E4-454C-BBA1-1C4FB942A7DE}
		{9FAA3AB1-1389-4747-A3F4-8F2C1554D1EE} = {9FAA3AB1-1389-4747-A3F4-8F2C1554D1EE}
	EndProjectSection
EndProject
Project("{FAE04EC0-301F-11D3-BF4B-00C04F79EFBC}") = "LIMSAPI_BusinessEntities", "LIMSAPI_BusinessEntities\LIMSAPI_BusinessEntities.csproj", "{9FAA3AB1-1389-4747-A3F4-8F2C1554D1EE}"
EndProject
Project("{FAE04EC0-301F-11D3-BF4B-00C04F79EFBC}") = "LIMSAPI_UDT", "LIMSAPI_UDT\LIMSAPI_UDT.csproj", "{273B8B5A-83E4-454C-BBA1-1C4FB942A7DE}"
	ProjectSection(ProjectDependencies) = postProject
		{9FAA3AB1-1389-4747-A3F4-8F2C1554D1EE} = {9FAA3AB1-1389-4747-A3F4-8F2C1554D1EE}
	EndProjectSection
EndProject
Project("{FAE04EC0-301F-11D3-BF4B-00C04F79EFBC}") = "LIMSAPI", "LIMSAPI\LIMSAPI.csproj", "{5E6936E6-6703-4E87-A66C-E7187F5CD701}"
	ProjectSection(ProjectDependencies) = postProject
		{CE75AD09-FC74-4371-A162-977F629C669C} = {CE75AD09-FC74-4371-A162-977F629C669C}
		{273B8B5A-83E4-454C-BBA1-1C4FB942A7DE} = {273B8B5A-83E4-454C-BBA1-1C4FB942A7DE}
		{C2B45D69-02E4-4A79-AA67-05009C4F2FB6} = {C2B45D69-02E4-4A79-AA67-05009C4F2FB6}
		{FE6791AA-9824-4D6F-A52F-A40374169CF2} = {FE6791AA-9824-4D6F-A52F-A40374169CF2}
		{9FAA3AB1-1389-4747-A3F4-8F2C1554D1EE} = {9FAA3AB1-1389-4747-A3F4-8F2C1554D1EE}
	EndProjectSection
EndProject
Project("{FAE04EC0-301F-11D3-BF4B-00C04F79EFBC}") = "LIMSAPI_CMD", "LIMSAPI_Command\LIMSAPI_CMD.csproj", "{CE75AD09-FC74-4371-A162-977F629C669C}"
	ProjectSection(ProjectDependencies) = postProject
		{273B8B5A-83E4-454C-BBA1-1C4FB942A7DE} = {273B8B5A-83E4-454C-BBA1-1C4FB942A7DE}
		{9FAA3AB1-1389-4747-A3F4-8F2C1554D1EE} = {9FAA3AB1-1389-4747-A3F4-8F2C1554D1EE}
	EndProjectSection
EndProject
Global
	GlobalSection(SolutionConfigurationPlatforms) = preSolution
		Debug|Any CPU = Debug|Any CPU
		Release|Any CPU = Release|Any CPU
	EndGlobalSection
	GlobalSection(ProjectConfigurationPlatforms) = postSolution
		{FE6791AA-9824-4D6F-A52F-A40374169CF2}.Debug|Any CPU.ActiveCfg = Debug|Any CPU
		{FE6791AA-9824-4D6F-A52F-A40374169CF2}.Debug|Any CPU.Build.0 = Debug|Any CPU
		{FE6791AA-9824-4D6F-A52F-A40374169CF2}.Release|Any CPU.ActiveCfg = Release|Any CPU
		{FE6791AA-9824-4D6F-A52F-A40374169CF2}.Release|Any CPU.Build.0 = Release|Any CPU
		{C2B45D69-02E4-4A79-AA67-05009C4F2FB6}.Debug|Any CPU.ActiveCfg = Debug|Any CPU
		{C2B45D69-02E4-4A79-AA67-05009C4F2FB6}.Debug|Any CPU.Build.0 = Debug|Any CPU
		{C2B45D69-02E4-4A79-AA67-05009C4F2FB6}.Release|Any CPU.ActiveCfg = Release|Any CPU
		{C2B45D69-02E4-4A79-AA67-05009C4F2FB6}.Release|Any CPU.Build.0 = Release|Any CPU
		{9FAA3AB1-1389-4747-A3F4-8F2C1554D1EE}.Debug|Any CPU.ActiveCfg = Debug|Any CPU
		{9FAA3AB1-1389-4747-A3F4-8F2C1554D1EE}.Debug|Any CPU.Build.0 = Debug|Any CPU
		{9FAA3AB1-1389-4747-A3F4-8F2C1554D1EE}.Release|Any CPU.ActiveCfg = Release|Any CPU
		{9FAA3AB1-1389-4747-A3F4-8F2C1554D1EE}.Release|Any CPU.Build.0 = Release|Any CPU
		{273B8B5A-83E4-454C-BBA1-1C4FB942A7DE}.Debug|Any CPU.ActiveCfg = Debug|Any CPU
		{273B8B5A-83E4-454C-BBA1-1C4FB942A7DE}.Debug|Any CPU.Build.0 = Debug|Any CPU
		{273B8B5A-83E4-454C-BBA1-1C4FB942A7DE}.Release|Any CPU.ActiveCfg = Release|Any CPU
		{273B8B5A-83E4-454C-BBA1-1C4FB942A7DE}.Release|Any CPU.Build.0 = Release|Any CPU
		{5E6936E6-6703-4E87-A66C-E7187F5CD701}.Debug|Any CPU.ActiveCfg = Debug|Any CPU
		{5E6936E6-6703-4E87-A66C-E7187F5CD701}.Debug|Any CPU.Build.0 = Debug|Any CPU
		{5E6936E6-6703-4E87-A66C-E7187F5CD701}.Release|Any CPU.ActiveCfg = Release|Any CPU
		{5E6936E6-6703-4E87-A66C-E7187F5CD701}.Release|Any CPU.Build.0 = Release|Any CPU
		{CE75AD09-FC74-4371-A162-977F629C669C}.Debug|Any CPU.ActiveCfg = Debug|Any CPU
		{CE75AD09-FC74-4371-A162-977F629C669C}.Debug|Any CPU.Build.0 = Debug|Any CPU
		{CE75AD09-FC74-4371-A162-977F629C669C}.Release|Any CPU.ActiveCfg = Release|Any CPU
		{CE75AD09-FC74-4371-A162-977F629C669C}.Release|Any CPU.Build.0 = Release|Any CPU
	EndGlobalSection
	GlobalSection(SolutionProperties) = preSolution
		HideSolutionNode = FALSE
	EndGlobalSection
	GlobalSection(ExtensibilityGlobals) = postSolution
		SolutionGuid = {12F40D49-9F61-4207-A3CA-01B2067D7580}
	EndGlobalSection
EndGlobal
