
Microsoft Visual Studio Solution File, Format Version 12.00
# Visual Studio 14
VisualStudioVersion = 14.0.25420.1
MinimumVisualStudioVersion = 10.0.40219.1
Project("{FAE04EC0-301F-11D3-BF4B-00C04F79EFBC}") = "Attune.Schedule.Service", "Attune.Schedule.Service\Attune.Schedule.Service.csproj", "{F4437651-3933-4E3C-8007-5BD5ABF4171D}"
EndProject
Project("{54435603-DBB4-11D2-8724-00A0C9A8B90C}") = "Attune", "Attune\Attune.vdproj", "{498F8DEB-7DD8-401E-B08D-88A7629E48EF}"
EndProject
Global
	GlobalSection(SolutionConfigurationPlatforms) = preSolution
		Debug|Any CPU = Debug|Any CPU
		Release|Any CPU = Release|Any CPU
	EndGlobalSection
	GlobalSection(ProjectConfigurationPlatforms) = postSolution
		{F4437651-3933-4E3C-8007-5BD5ABF4171D}.Debug|Any CPU.ActiveCfg = Debug|Any CPU
		{F4437651-3933-4E3C-8007-5BD5ABF4171D}.Debug|Any CPU.Build.0 = Debug|Any CPU
		{F4437651-3933-4E3C-8007-5BD5ABF4171D}.Release|Any CPU.ActiveCfg = Debug|Any CPU
		{498F8DEB-7DD8-401E-B08D-88A7629E48EF}.Debug|Any CPU.ActiveCfg = Debug
		{498F8DEB-7DD8-401E-B08D-88A7629E48EF}.Release|Any CPU.ActiveCfg = Debug
	EndGlobalSection
	GlobalSection(SolutionProperties) = preSolution
		HideSolutionNode = FALSE
	EndGlobalSection
EndGlobal
