
Microsoft Visual Studio Solution File, Format Version 10.00
# Visual Studio 2008
Project("{F14B399A-7131-4C87-9E4B-1186C45EF12D}") = "InvestigationReport", "InvestigationReport.rptproj", "{18AF25B7-7D7E-48CA-B499-C333BED14AA1}"
EndProject
Global
	GlobalSection(SolutionConfigurationPlatforms) = preSolution
		Debug|Default = Debug|Default
		DebugLocal|Default = DebugLocal|Default
		Release|Default = Release|Default
	EndGlobalSection
	GlobalSection(ProjectConfigurationPlatforms) = postSolution
		{18AF25B7-7D7E-48CA-B499-C333BED14AA1}.Debug|Default.ActiveCfg = Debug
		{18AF25B7-7D7E-48CA-B499-C333BED14AA1}.Debug|Default.Build.0 = DebugLocal
		{18AF25B7-7D7E-48CA-B499-C333BED14AA1}.Debug|Default.Deploy.0 = DebugLocal
		{18AF25B7-7D7E-48CA-B499-C333BED14AA1}.DebugLocal|Default.ActiveCfg = DebugLocal
		{18AF25B7-7D7E-48CA-B499-C333BED14AA1}.DebugLocal|Default.Build.0 = DebugLocal
		{18AF25B7-7D7E-48CA-B499-C333BED14AA1}.Release|Default.ActiveCfg = Release
		{18AF25B7-7D7E-48CA-B499-C333BED14AA1}.Release|Default.Build.0 = Release
		{18AF25B7-7D7E-48CA-B499-C333BED14AA1}.Release|Default.Deploy.0 = Release
	EndGlobalSection
	GlobalSection(SolutionProperties) = preSolution
		HideSolutionNode = FALSE
	EndGlobalSection
EndGlobal
