
Microsoft Visual Studio Solution File, Format Version 12.00
# Visual Studio 2013
VisualStudioVersion = 12.0.21005.1
MinimumVisualStudioVersion = 10.0.40219.1
Project("{FAE04EC0-301F-11D3-BF4B-00C04F79EFBC}") = "KernelV2_API", "KernelV2_API\KernelV2_API.csproj", "{E088DA3E-3A09-465B-A321-689FF7D1207A}"
	ProjectSection(ProjectDependencies) = postProject
		{5323BDF9-D204-40C7-BF96-B36D358F02C2} = {5323BDF9-D204-40C7-BF96-B36D358F02C2}
	EndProjectSection
EndProject
Project("{FAE04EC0-301F-11D3-BF4B-00C04F79EFBC}") = "KernelV2_DAL", "KernelV2_DAL\KernelV2_DAL.csproj", "{4613C11A-B2F1-4A27-930D-F81D429F7203}"
	ProjectSection(ProjectDependencies) = postProject
		{2088665D-F6B4-4166-B805-92FB5B1E9934} = {2088665D-F6B4-4166-B805-92FB5B1E9934}
		{E37C2869-A1E6-4302-9EE2-7CE847CA47A8} = {E37C2869-A1E6-4302-9EE2-7CE847CA47A8}
		{B2BA816A-9D19-43B6-9281-8FC530358AAE} = {B2BA816A-9D19-43B6-9281-8FC530358AAE}
		{B392B06D-05C5-427E-A44C-5206047E5EBB} = {B392B06D-05C5-427E-A44C-5206047E5EBB}
		{389AF4D4-00E7-400E-88C7-30338E180750} = {389AF4D4-00E7-400E-88C7-30338E180750}
	EndProjectSection
EndProject
Project("{FAE04EC0-301F-11D3-BF4B-00C04F79EFBC}") = "KernelV2_BL", "KernelV2_BL\KernelV2_BL.csproj", "{5323BDF9-D204-40C7-BF96-B36D358F02C2}"
	ProjectSection(ProjectDependencies) = postProject
		{4613C11A-B2F1-4A27-930D-F81D429F7203} = {4613C11A-B2F1-4A27-930D-F81D429F7203}
		{E37C2869-A1E6-4302-9EE2-7CE847CA47A8} = {E37C2869-A1E6-4302-9EE2-7CE847CA47A8}
	EndProjectSection
EndProject
Project("{FAE04EC0-301F-11D3-BF4B-00C04F79EFBC}") = "KernelV2_Command", "KernelV2_Command\KernelV2_Command.csproj", "{B392B06D-05C5-427E-A44C-5206047E5EBB}"
EndProject
Project("{FAE04EC0-301F-11D3-BF4B-00C04F79EFBC}") = "KernelV2_UDT_DAL", "KernelV2_UDT\KernelV2_UDT_DAL.csproj", "{389AF4D4-00E7-400E-88C7-30338E180750}"
	ProjectSection(ProjectDependencies) = postProject
		{B2BA816A-9D19-43B6-9281-8FC530358AAE} = {B2BA816A-9D19-43B6-9281-8FC530358AAE}
	EndProjectSection
EndProject
Project("{FAE04EC0-301F-11D3-BF4B-00C04F79EFBC}") = "KernelV2_DataAccessEngine", "KernelV2_DataAccessEngine\KernelV2_DataAccessEngine.csproj", "{2088665D-F6B4-4166-B805-92FB5B1E9934}"
	ProjectSection(ProjectDependencies) = postProject
		{E37C2869-A1E6-4302-9EE2-7CE847CA47A8} = {E37C2869-A1E6-4302-9EE2-7CE847CA47A8}
	EndProjectSection
EndProject
Project("{FAE04EC0-301F-11D3-BF4B-00C04F79EFBC}") = "KernelV2_Utilities", "KernelV2_Utilities\KernelV2_Utilities.csproj", "{E37C2869-A1E6-4302-9EE2-7CE847CA47A8}"
EndProject
Project("{FAE04EC0-301F-11D3-BF4B-00C04F79EFBC}") = "KernelV2_Entities", "KernelV2_Entities\KernelV2_Entities.csproj", "{B2BA816A-9D19-43B6-9281-8FC530358AAE}"
EndProject
Project("{FAE04EC0-301F-11D3-BF4B-00C04F79EFBC}") = "KernelV2", "KernelV2\KernelV2.csproj", "{9B0D211D-D905-4E7A-A4D9-FFAD95CAF0E9}"
	ProjectSection(ProjectDependencies) = postProject
		{E37C2869-A1E6-4302-9EE2-7CE847CA47A8} = {E37C2869-A1E6-4302-9EE2-7CE847CA47A8}
		{B2BA816A-9D19-43B6-9281-8FC530358AAE} = {B2BA816A-9D19-43B6-9281-8FC530358AAE}
	EndProjectSection
EndProject
Project("{FAE04EC0-301F-11D3-BF4B-00C04F79EFBC}") = "Kernel_CacheEngine", "Kernel_CacheEngine\Kernel_CacheEngine.csproj", "{CD2EACF0-2DE5-45D4-BC46-FB05F6003358}"
EndProject
Global
	GlobalSection(SolutionConfigurationPlatforms) = preSolution
		Debug|Any CPU = Debug|Any CPU
		Release|Any CPU = Release|Any CPU
	EndGlobalSection
	GlobalSection(ProjectConfigurationPlatforms) = postSolution
		{E088DA3E-3A09-465B-A321-689FF7D1207A}.Debug|Any CPU.ActiveCfg = Debug|Any CPU
		{E088DA3E-3A09-465B-A321-689FF7D1207A}.Debug|Any CPU.Build.0 = Debug|Any CPU
		{E088DA3E-3A09-465B-A321-689FF7D1207A}.Release|Any CPU.ActiveCfg = Release|Any CPU
		{E088DA3E-3A09-465B-A321-689FF7D1207A}.Release|Any CPU.Build.0 = Release|Any CPU
		{4613C11A-B2F1-4A27-930D-F81D429F7203}.Debug|Any CPU.ActiveCfg = Debug|Any CPU
		{4613C11A-B2F1-4A27-930D-F81D429F7203}.Debug|Any CPU.Build.0 = Debug|Any CPU
		{4613C11A-B2F1-4A27-930D-F81D429F7203}.Release|Any CPU.ActiveCfg = Release|Any CPU
		{4613C11A-B2F1-4A27-930D-F81D429F7203}.Release|Any CPU.Build.0 = Release|Any CPU
		{5323BDF9-D204-40C7-BF96-B36D358F02C2}.Debug|Any CPU.ActiveCfg = Debug|Any CPU
		{5323BDF9-D204-40C7-BF96-B36D358F02C2}.Debug|Any CPU.Build.0 = Debug|Any CPU
		{5323BDF9-D204-40C7-BF96-B36D358F02C2}.Release|Any CPU.ActiveCfg = Release|Any CPU
		{5323BDF9-D204-40C7-BF96-B36D358F02C2}.Release|Any CPU.Build.0 = Release|Any CPU
		{B392B06D-05C5-427E-A44C-5206047E5EBB}.Debug|Any CPU.ActiveCfg = Debug|Any CPU
		{B392B06D-05C5-427E-A44C-5206047E5EBB}.Debug|Any CPU.Build.0 = Debug|Any CPU
		{B392B06D-05C5-427E-A44C-5206047E5EBB}.Release|Any CPU.ActiveCfg = Release|Any CPU
		{B392B06D-05C5-427E-A44C-5206047E5EBB}.Release|Any CPU.Build.0 = Release|Any CPU
		{389AF4D4-00E7-400E-88C7-30338E180750}.Debug|Any CPU.ActiveCfg = Debug|Any CPU
		{389AF4D4-00E7-400E-88C7-30338E180750}.Debug|Any CPU.Build.0 = Debug|Any CPU
		{389AF4D4-00E7-400E-88C7-30338E180750}.Release|Any CPU.ActiveCfg = Release|Any CPU
		{389AF4D4-00E7-400E-88C7-30338E180750}.Release|Any CPU.Build.0 = Release|Any CPU
		{2088665D-F6B4-4166-B805-92FB5B1E9934}.Debug|Any CPU.ActiveCfg = Debug|Any CPU
		{2088665D-F6B4-4166-B805-92FB5B1E9934}.Debug|Any CPU.Build.0 = Debug|Any CPU
		{2088665D-F6B4-4166-B805-92FB5B1E9934}.Release|Any CPU.ActiveCfg = Release|Any CPU
		{2088665D-F6B4-4166-B805-92FB5B1E9934}.Release|Any CPU.Build.0 = Release|Any CPU
		{E37C2869-A1E6-4302-9EE2-7CE847CA47A8}.Debug|Any CPU.ActiveCfg = Debug|Any CPU
		{E37C2869-A1E6-4302-9EE2-7CE847CA47A8}.Debug|Any CPU.Build.0 = Debug|Any CPU
		{E37C2869-A1E6-4302-9EE2-7CE847CA47A8}.Release|Any CPU.ActiveCfg = Release|Any CPU
		{E37C2869-A1E6-4302-9EE2-7CE847CA47A8}.Release|Any CPU.Build.0 = Release|Any CPU
		{B2BA816A-9D19-43B6-9281-8FC530358AAE}.Debug|Any CPU.ActiveCfg = Debug|Any CPU
		{B2BA816A-9D19-43B6-9281-8FC530358AAE}.Debug|Any CPU.Build.0 = Debug|Any CPU
		{B2BA816A-9D19-43B6-9281-8FC530358AAE}.Release|Any CPU.ActiveCfg = Release|Any CPU
		{B2BA816A-9D19-43B6-9281-8FC530358AAE}.Release|Any CPU.Build.0 = Release|Any CPU
		{9B0D211D-D905-4E7A-A4D9-FFAD95CAF0E9}.Debug|Any CPU.ActiveCfg = Debug|Any CPU
		{9B0D211D-D905-4E7A-A4D9-FFAD95CAF0E9}.Debug|Any CPU.Build.0 = Debug|Any CPU
		{9B0D211D-D905-4E7A-A4D9-FFAD95CAF0E9}.Release|Any CPU.ActiveCfg = Release|Any CPU
		{9B0D211D-D905-4E7A-A4D9-FFAD95CAF0E9}.Release|Any CPU.Build.0 = Release|Any CPU
		{CD2EACF0-2DE5-45D4-BC46-FB05F6003358}.Debug|Any CPU.ActiveCfg = Debug|Any CPU
		{CD2EACF0-2DE5-45D4-BC46-FB05F6003358}.Debug|Any CPU.Build.0 = Debug|Any CPU
		{CD2EACF0-2DE5-45D4-BC46-FB05F6003358}.Release|Any CPU.ActiveCfg = Release|Any CPU
		{CD2EACF0-2DE5-45D4-BC46-FB05F6003358}.Release|Any CPU.Build.0 = Release|Any CPU
	EndGlobalSection
	GlobalSection(SolutionProperties) = preSolution
		HideSolutionNode = FALSE
	EndGlobalSection
EndGlobal
